
Microsoft Visual Studio Solution File, Format Version 12.00
# Visual Studio Version 17
VisualStudioVersion = 17.6.33723.286
MinimumVisualStudioVersion = 10.0.40219.1
Project("{9A19103F-16F7-4668-BE54-9A1E7A4F7556}") = "ServiceResource", "ServiceResource\ServiceResource.csproj", "{5F573A2D-9D7C-493C-B823-04231D0327B5}"
EndProject
Project("{9A19103F-16F7-4668-BE54-9A1E7A4F7556}") = "SR-Test", "SR-Test\SR-Test.csproj", "{183D8F92-1813-4AC4-8000-6190FAD2EE13}"
EndProject
Global
	GlobalSection(SolutionConfigurationPlatforms) = preSolution
		Debug|Any CPU = Debug|Any CPU
		Release|Any CPU = Release|Any CPU
	EndGlobalSection
	GlobalSection(ProjectConfigurationPlatforms) = postSolution
		{5F573A2D-9D7C-493C-B823-04231D0327B5}.Debug|Any CPU.ActiveCfg = Debug|Any CPU
		{5F573A2D-9D7C-493C-B823-04231D0327B5}.Debug|Any CPU.Build.0 = Debug|Any CPU
		{5F573A2D-9D7C-493C-B823-04231D0327B5}.Release|Any CPU.ActiveCfg = Release|Any CPU
		{5F573A2D-9D7C-493C-B823-04231D0327B5}.Release|Any CPU.Build.0 = Release|Any CPU
		{183D8F92-1813-4AC4-8000-6190FAD2EE13}.Debug|Any CPU.ActiveCfg = Debug|Any CPU
		{183D8F92-1813-4AC4-8000-6190FAD2EE13}.Debug|Any CPU.Build.0 = Debug|Any CPU
		{183D8F92-1813-4AC4-8000-6190FAD2EE13}.Release|Any CPU.ActiveCfg = Release|Any CPU
		{183D8F92-1813-4AC4-8000-6190FAD2EE13}.Release|Any CPU.Build.0 = Release|Any CPU
	EndGlobalSection
	GlobalSection(SolutionProperties) = preSolution
		HideSolutionNode = FALSE
	EndGlobalSection
	GlobalSection(ExtensibilityGlobals) = postSolution
		SolutionGuid = {3D6EDDF3-778D-450B-B308-2F4DA1954CAF}
	EndGlobalSection
EndGlobal
